
Microsoft Visual Studio Solution File, Format Version 12.00
# Visual Studio Version 16
VisualStudioVersion = 16.0.30717.126
MinimumVisualStudioVersion = 10.0.40219.1
Project("{FAE04EC0-301F-11D3-BF4B-00C04F79EFBC}") = "ExercisesDataTypes", "ExercisesDataTypes\ExercisesDataTypes.csproj", "{9B4CABC1-27B1-40D6-9718-FD329EC8B4E5}"
EndProject
Project("{FAE04EC0-301F-11D3-BF4B-00C04F79EFBC}") = "InputOutput", "InputOutput\InputOutput.csproj", "{06D8E8A9-BE1E-4F64-B35A-46F8FD2DEC13}"
EndProject
Project("{FAE04EC0-301F-11D3-BF4B-00C04F79EFBC}") = "NumericTypes", "NumericTypes\NumericTypes.csproj", "{F742C1EA-6FD1-4448-8C50-54F3F9A83BAA}"
EndProject
Project("{FAE04EC0-301F-11D3-BF4B-00C04F79EFBC}") = "MilesDriven", "MilesDriven\MilesDriven.csproj", "{9801D219-2CC7-49CE-BAA3-1B4159C1AD80}"
EndProject
Project("{FAE04EC0-301F-11D3-BF4B-00C04F79EFBC}") = "Strings", "Strings\Strings.csproj", "{94EA31BD-A581-45EF-A3FB-DEF9F518F578}"
EndProject
Global
	GlobalSection(SolutionConfigurationPlatforms) = preSolution
		Debug|Any CPU = Debug|Any CPU
		Release|Any CPU = Release|Any CPU
	EndGlobalSection
	GlobalSection(ProjectConfigurationPlatforms) = postSolution
		{9B4CABC1-27B1-40D6-9718-FD329EC8B4E5}.Debug|Any CPU.ActiveCfg = Debug|Any CPU
		{9B4CABC1-27B1-40D6-9718-FD329EC8B4E5}.Debug|Any CPU.Build.0 = Debug|Any CPU
		{9B4CABC1-27B1-40D6-9718-FD329EC8B4E5}.Release|Any CPU.ActiveCfg = Release|Any CPU
		{9B4CABC1-27B1-40D6-9718-FD329EC8B4E5}.Release|Any CPU.Build.0 = Release|Any CPU
		{06D8E8A9-BE1E-4F64-B35A-46F8FD2DEC13}.Debug|Any CPU.ActiveCfg = Debug|Any CPU
		{06D8E8A9-BE1E-4F64-B35A-46F8FD2DEC13}.Debug|Any CPU.Build.0 = Debug|Any CPU
		{06D8E8A9-BE1E-4F64-B35A-46F8FD2DEC13}.Release|Any CPU.ActiveCfg = Release|Any CPU
		{06D8E8A9-BE1E-4F64-B35A-46F8FD2DEC13}.Release|Any CPU.Build.0 = Release|Any CPU
		{F742C1EA-6FD1-4448-8C50-54F3F9A83BAA}.Debug|Any CPU.ActiveCfg = Debug|Any CPU
		{F742C1EA-6FD1-4448-8C50-54F3F9A83BAA}.Debug|Any CPU.Build.0 = Debug|Any CPU
		{F742C1EA-6FD1-4448-8C50-54F3F9A83BAA}.Release|Any CPU.ActiveCfg = Release|Any CPU
		{F742C1EA-6FD1-4448-8C50-54F3F9A83BAA}.Release|Any CPU.Build.0 = Release|Any CPU
		{9801D219-2CC7-49CE-BAA3-1B4159C1AD80}.Debug|Any CPU.ActiveCfg = Debug|Any CPU
		{9801D219-2CC7-49CE-BAA3-1B4159C1AD80}.Debug|Any CPU.Build.0 = Debug|Any CPU
		{9801D219-2CC7-49CE-BAA3-1B4159C1AD80}.Release|Any CPU.ActiveCfg = Release|Any CPU
		{9801D219-2CC7-49CE-BAA3-1B4159C1AD80}.Release|Any CPU.Build.0 = Release|Any CPU
		{94EA31BD-A581-45EF-A3FB-DEF9F518F578}.Debug|Any CPU.ActiveCfg = Debug|Any CPU
		{94EA31BD-A581-45EF-A3FB-DEF9F518F578}.Debug|Any CPU.Build.0 = Debug|Any CPU
		{94EA31BD-A581-45EF-A3FB-DEF9F518F578}.Release|Any CPU.ActiveCfg = Release|Any CPU
		{94EA31BD-A581-45EF-A3FB-DEF9F518F578}.Release|Any CPU.Build.0 = Release|Any CPU
	EndGlobalSection
	GlobalSection(SolutionProperties) = preSolution
		HideSolutionNode = FALSE
	EndGlobalSection
	GlobalSection(ExtensibilityGlobals) = postSolution
		SolutionGuid = {173790AB-6486-4408-B070-47EEA4C8F433}
	EndGlobalSection
EndGlobal
